
Microsoft Visual Studio Solution File, Format Version 12.00
# Visual Studio 14
VisualStudioVersion = 14.0.25123.0
MinimumVisualStudioVersion = 10.0.40219.1
Project("{FAE04EC0-301F-11D3-BF4B-00C04F79EFBC}") = "Managed.Adb", "Managed.AndroidDebugBridge\Managed.Adb.csproj", "{65473257-E70F-410B-9269-D0C0F771EA87}"
EndProject
Project("{FAE04EC0-301F-11D3-BF4B-00C04F79EFBC}") = "Managed.Adb.Tests", "Managed.Adb.Tests\Managed.Adb.Tests.csproj", "{2C43B828-BE5E-47B6-93BB-A624B6B36633}"
EndProject
Project("{2150E333-8FDC-42A3-9474-1A3956D46DE8}") = "Shared", "Shared", "{9AA331B1-1F41-41B7-B04A-95E8656E560A}"
	ProjectSection(SolutionItems) = preProject
		Shared\madb.pfx = Shared\madb.pfx
		Shared\SharedAssemblyInfo.cs = Shared\SharedAssemblyInfo.cs
		Shared\VersionAssemblyInfo.txt = Shared\VersionAssemblyInfo.txt
	EndProjectSection
EndProject
Project("{FAE04EC0-301F-11D3-BF4B-00C04F79EFBC}") = "MadBee.Console", "MadBee.Console\MadBee.Console.csproj", "{F9A436F4-0606-4326-8607-9EA4D9E6AF18}"
EndProject
Project("{2150E333-8FDC-42A3-9474-1A3956D46DE8}") = ".build", ".build", "{4E89FCCE-DDF2-46CE-8E69-9975FD3A39DD}"
	ProjectSection(SolutionItems) = preProject
		.build\BuildAll.msbuild = .build\BuildAll.msbuild
		.build\BuildMadBee.msbuild = .build\BuildMadBee.msbuild
		.build\madbee.nuspec = .build\madbee.nuspec
		.build\MSBuild.Community.Tasks.dll = .build\MSBuild.Community.Tasks.dll
		.build\MSBuild.Community.Tasks.targets = .build\MSBuild.Community.Tasks.targets
		.build\MSBuild.Deployment.Tasks.dll = .build\MSBuild.Deployment.Tasks.dll
		.build\MSBuild.Deployment.Tasks.pdb = .build\MSBuild.Deployment.Tasks.pdb
		.build\MSBuild.Deployment.Tasks.Targets = .build\MSBuild.Deployment.Tasks.Targets
		.build\MSBuild.Deployment.Tasks.XML = .build\MSBuild.Deployment.Tasks.XML
		.build\MSBuild.Deployment.Tasks.xsd = .build\MSBuild.Deployment.Tasks.xsd
		.build\publish-changelog.txt = .build\publish-changelog.txt
		.build\SharedProperties.msbuild = .build\SharedProperties.msbuild
		.build\WebPublish.msbuild = .build\WebPublish.msbuild
	EndProjectSection
EndProject
Project("{2150E333-8FDC-42A3-9474-1A3956D46DE8}") = "Web", "Web", "{9A4671AA-B664-4BC5-AE31-5074DDEB9E67}"
EndProject
Project("{FAE04EC0-301F-11D3-BF4B-00C04F79EFBC}") = "Madb.Site", "Madb.Site\Madb.Site.csproj", "{A3BA455F-4829-4412-9ACC-DEFBC1BC84FC}"
EndProject
Project("{2150E333-8FDC-42A3-9474-1A3956D46DE8}") = ".git", ".git", "{D7A1978C-D781-439B-A122-4AEABCDB5BA6}"
	ProjectSection(SolutionItems) = preProject
		.gitattributes = .gitattributes
		.gitignore = .gitignore
		changelog.md = changelog.md
		license.md = license.md
		README.md = README.md
	EndProjectSection
EndProject
Project("{2150E333-8FDC-42A3-9474-1A3956D46DE8}") = ".appveyor", ".appveyor", "{6E150E51-496B-460B-84E9-9035FE1E3143}"
	ProjectSection(SolutionItems) = preProject
		.appveyor\appveyor-variables.txt = .appveyor\appveyor-variables.txt
		.appveyor\appveyor.after-build.ps1 = .appveyor\appveyor.after-build.ps1
		.appveyor\appveyor.after-deployment.ps1 = .appveyor\appveyor.after-deployment.ps1
		.appveyor\appveyor.before-build.ps1 = .appveyor\appveyor.before-build.ps1
		.appveyor\appveyor.before-deployment.ps1 = .appveyor\appveyor.before-deployment.ps1
		.appveyor\appveyor.install.ps1 = .appveyor\appveyor.install.ps1
		appveyor.yml = appveyor.yml
		.appveyor\AppVeyorProperties.msbuild = .appveyor\AppVeyorProperties.msbuild
		.appveyor\DeployCodePlex.msbuild = .appveyor\DeployCodePlex.msbuild
	EndProjectSection
EndProject
Project("{2150E333-8FDC-42A3-9474-1A3956D46DE8}") = "modules", "modules", "{F20CB2B3-5DA3-46BD-BDEC-91CC5AFC78E7}"
	ProjectSection(SolutionItems) = preProject
		.appveyor\modules\Import-PfxCertificate.psm1 = .appveyor\modules\Import-PfxCertificate.psm1
		.appveyor\modules\Invoke-MsBuild.psm1 = .appveyor\modules\Invoke-MsBuild.psm1
		.appveyor\modules\Send-PushBulletMessage.psm1 = .appveyor\modules\Send-PushBulletMessage.psm1
		.appveyor\modules\Set-BuildVersion.psm1 = .appveyor\modules\Set-BuildVersion.psm1
	EndProjectSection
EndProject
Global
	GlobalSection(SolutionConfigurationPlatforms) = preSolution
		Debug|Any CPU = Debug|Any CPU
		Debug|Mixed Platforms = Debug|Mixed Platforms
		Debug|x64 = Debug|x64
		Debug|x86 = Debug|x86
		Release|Any CPU = Release|Any CPU
		Release|Mixed Platforms = Release|Mixed Platforms
		Release|x64 = Release|x64
		Release|x86 = Release|x86
	EndGlobalSection
	GlobalSection(ProjectConfigurationPlatforms) = postSolution
		{65473257-E70F-410B-9269-D0C0F771EA87}.Debug|Any CPU.ActiveCfg = Debug|Any CPU
		{65473257-E70F-410B-9269-D0C0F771EA87}.Debug|Any CPU.Build.0 = Debug|Any CPU
		{65473257-E70F-410B-9269-D0C0F771EA87}.Debug|Mixed Platforms.ActiveCfg = Debug|ia64
		{65473257-E70F-410B-9269-D0C0F771EA87}.Debug|Mixed Platforms.Build.0 = Debug|ia64
		{65473257-E70F-410B-9269-D0C0F771EA87}.Debug|x64.ActiveCfg = Debug|x64
		{65473257-E70F-410B-9269-D0C0F771EA87}.Debug|x64.Build.0 = Debug|x64
		{65473257-E70F-410B-9269-D0C0F771EA87}.Debug|x86.ActiveCfg = Release|x86
		{65473257-E70F-410B-9269-D0C0F771EA87}.Debug|x86.Build.0 = Release|x86
		{65473257-E70F-410B-9269-D0C0F771EA87}.Release|Any CPU.ActiveCfg = Release|Any CPU
		{65473257-E70F-410B-9269-D0C0F771EA87}.Release|Any CPU.Build.0 = Release|Any CPU
		{65473257-E70F-410B-9269-D0C0F771EA87}.Release|Mixed Platforms.ActiveCfg = Release|x86
		{65473257-E70F-410B-9269-D0C0F771EA87}.Release|Mixed Platforms.Build.0 = Release|x86
		{65473257-E70F-410B-9269-D0C0F771EA87}.Release|x64.ActiveCfg = Release|x64
		{65473257-E70F-410B-9269-D0C0F771EA87}.Release|x64.Build.0 = Release|x64
		{65473257-E70F-410B-9269-D0C0F771EA87}.Release|x86.ActiveCfg = Release|x86
		{65473257-E70F-410B-9269-D0C0F771EA87}.Release|x86.Build.0 = Release|x86
		{2C43B828-BE5E-47B6-93BB-A624B6B36633}.Debug|Any CPU.ActiveCfg = Debug|Any CPU
		{2C43B828-BE5E-47B6-93BB-A624B6B36633}.Debug|Any CPU.Build.0 = Debug|Any CPU
		{2C43B828-BE5E-47B6-93BB-A624B6B36633}.Debug|Mixed Platforms.ActiveCfg = Debug|x64
		{2C43B828-BE5E-47B6-93BB-A624B6B36633}.Debug|Mixed Platforms.Build.0 = Debug|x64
		{2C43B828-BE5E-47B6-93BB-A624B6B36633}.Debug|x64.ActiveCfg = Debug|x64
		{2C43B828-BE5E-47B6-93BB-A624B6B36633}.Debug|x64.Build.0 = Debug|x64
		{2C43B828-BE5E-47B6-93BB-A624B6B36633}.Debug|x86.ActiveCfg = Release|Any CPU
		{2C43B828-BE5E-47B6-93BB-A624B6B36633}.Debug|x86.Build.0 = Release|Any CPU
		{2C43B828-BE5E-47B6-93BB-A624B6B36633}.Release|Any CPU.ActiveCfg = Release|Any CPU
		{2C43B828-BE5E-47B6-93BB-A624B6B36633}.Release|Any CPU.Build.0 = Release|Any CPU
		{2C43B828-BE5E-47B6-93BB-A624B6B36633}.Release|Mixed Platforms.ActiveCfg = Release|Any CPU
		{2C43B828-BE5E-47B6-93BB-A624B6B36633}.Release|Mixed Platforms.Build.0 = Release|Any CPU
		{2C43B828-BE5E-47B6-93BB-A624B6B36633}.Release|x64.ActiveCfg = Release|x64
		{2C43B828-BE5E-47B6-93BB-A624B6B36633}.Release|x64.Build.0 = Release|x64
		{2C43B828-BE5E-47B6-93BB-A624B6B36633}.Release|x86.ActiveCfg = Release|Any CPU
		{2C43B828-BE5E-47B6-93BB-A624B6B36633}.Release|x86.Build.0 = Release|Any CPU
		{F9A436F4-0606-4326-8607-9EA4D9E6AF18}.Debug|Any CPU.ActiveCfg = Debug|x86
		{F9A436F4-0606-4326-8607-9EA4D9E6AF18}.Debug|Any CPU.Build.0 = Debug|x86
		{F9A436F4-0606-4326-8607-9EA4D9E6AF18}.Debug|Mixed Platforms.ActiveCfg = Debug|x86
		{F9A436F4-0606-4326-8607-9EA4D9E6AF18}.Debug|Mixed Platforms.Build.0 = Debug|x86
		{F9A436F4-0606-4326-8607-9EA4D9E6AF18}.Debug|x64.ActiveCfg = Debug|x64
		{F9A436F4-0606-4326-8607-9EA4D9E6AF18}.Debug|x64.Build.0 = Debug|x64
		{F9A436F4-0606-4326-8607-9EA4D9E6AF18}.Debug|x86.ActiveCfg = Release|x86
		{F9A436F4-0606-4326-8607-9EA4D9E6AF18}.Debug|x86.Build.0 = Release|x86
		{F9A436F4-0606-4326-8607-9EA4D9E6AF18}.Release|Any CPU.ActiveCfg = Release|x86
		{F9A436F4-0606-4326-8607-9EA4D9E6AF18}.Release|Any CPU.Build.0 = Release|x86
		{F9A436F4-0606-4326-8607-9EA4D9E6AF18}.Release|Mixed Platforms.ActiveCfg = Release|x86
		{F9A436F4-0606-4326-8607-9EA4D9E6AF18}.Release|Mixed Platforms.Build.0 = Release|x86
		{F9A436F4-0606-4326-8607-9EA4D9E6AF18}.Release|x64.ActiveCfg = Release|x64
		{F9A436F4-0606-4326-8607-9EA4D9E6AF18}.Release|x64.Build.0 = Release|x64
		{F9A436F4-0606-4326-8607-9EA4D9E6AF18}.Release|x86.ActiveCfg = Release|x86
		{F9A436F4-0606-4326-8607-9EA4D9E6AF18}.Release|x86.Build.0 = Release|x86
		{A3BA455F-4829-4412-9ACC-DEFBC1BC84FC}.Debug|Any CPU.ActiveCfg = Debug|Any CPU
		{A3BA455F-4829-4412-9ACC-DEFBC1BC84FC}.Debug|Any CPU.Build.0 = Debug|Any CPU
		{A3BA455F-4829-4412-9ACC-DEFBC1BC84FC}.Debug|Mixed Platforms.ActiveCfg = Debug|Any CPU
		{A3BA455F-4829-4412-9ACC-DEFBC1BC84FC}.Debug|Mixed Platforms.Build.0 = Debug|Any CPU
		{A3BA455F-4829-4412-9ACC-DEFBC1BC84FC}.Debug|x64.ActiveCfg = Debug|Any CPU
		{A3BA455F-4829-4412-9ACC-DEFBC1BC84FC}.Debug|x86.ActiveCfg = Release|Any CPU
		{A3BA455F-4829-4412-9ACC-DEFBC1BC84FC}.Debug|x86.Build.0 = Release|Any CPU
		{A3BA455F-4829-4412-9ACC-DEFBC1BC84FC}.Release|Any CPU.ActiveCfg = Release|Any CPU
		{A3BA455F-4829-4412-9ACC-DEFBC1BC84FC}.Release|Any CPU.Build.0 = Release|Any CPU
		{A3BA455F-4829-4412-9ACC-DEFBC1BC84FC}.Release|Mixed Platforms.ActiveCfg = Release|Any CPU
		{A3BA455F-4829-4412-9ACC-DEFBC1BC84FC}.Release|Mixed Platforms.Build.0 = Release|Any CPU
		{A3BA455F-4829-4412-9ACC-DEFBC1BC84FC}.Release|x64.ActiveCfg = Release|Any CPU
		{A3BA455F-4829-4412-9ACC-DEFBC1BC84FC}.Release|x86.ActiveCfg = Release|Any CPU
		{A3BA455F-4829-4412-9ACC-DEFBC1BC84FC}.Release|x86.Build.0 = Release|Any CPU
	EndGlobalSection
	GlobalSection(SolutionProperties) = preSolution
		HideSolutionNode = FALSE
	EndGlobalSection
	GlobalSection(NestedProjects) = preSolution
		{A3BA455F-4829-4412-9ACC-DEFBC1BC84FC} = {9A4671AA-B664-4BC5-AE31-5074DDEB9E67}
		{F20CB2B3-5DA3-46BD-BDEC-91CC5AFC78E7} = {6E150E51-496B-460B-84E9-9035FE1E3143}
	EndGlobalSection
EndGlobal
